
Microsoft Visual Studio Solution File, Format Version 12.00
# Visual Studio Version 17
VisualStudioVersion = 17.8.34330.188
MinimumVisualStudioVersion = 10.0.40219.1
Project("{FAE04EC0-301F-11D3-BF4B-00C04F79EFBC}") = "jido-v2", "jido-v2.csproj", "{315CB42D-EC66-432B-88FD-7B78AE569D5B}"
EndProject
Global
	GlobalSection(SolutionConfigurationPlatforms) = preSolution
		Debug|Any CPU = Debug|Any CPU
		Release|Any CPU = Release|Any CPU
	EndGlobalSection
	GlobalSection(ProjectConfigurationPlatforms) = postSolution
		{315CB42D-EC66-432B-88FD-7B78AE569D5B}.Debug|Any CPU.ActiveCfg = Debug|Any CPU
		{315CB42D-EC66-432B-88FD-7B78AE569D5B}.Debug|Any CPU.Build.0 = Debug|Any CPU
		{315CB42D-EC66-432B-88FD-7B78AE569D5B}.Release|Any CPU.ActiveCfg = Release|Any CPU
		{315CB42D-EC66-432B-88FD-7B78AE569D5B}.Release|Any CPU.Build.0 = Release|Any CPU
	EndGlobalSection
	GlobalSection(SolutionProperties) = preSolution
		HideSolutionNode = FALSE
	EndGlobalSection
	GlobalSection(ExtensibilityGlobals) = postSolution
		SolutionGuid = {B4D473FD-1BE2-4BB4-9854-74E2BDC43548}
	EndGlobalSection
EndGlobal
